// !$*UTF8*$!
{
	archiveVersion = 1;
	classes = {
	};
	objectVersion = 46;
	objects = {

/* Begin PBXBuildFile section */
		396AB3C51B42C9E7007B25BF /* AnalyticsCell.swift in Sources */ = {isa = PBXBuildFile; fileRef = 396AB3C41B42C9E7007B25BF /* AnalyticsCell.swift */; };
		396AB3C71B42CA5E007B25BF /* BarChartViewController.swift in Sources */ = {isa = PBXBuildFile; fileRef = 396AB3C61B42CA5E007B25BF /* BarChartViewController.swift */; };
		396AB3CE1B42CB24007B25BF /* Charts.framework in Frameworks */ = {isa = PBXBuildFile; fileRef = 396AB3CD1B42CB13007B25BF /* Charts.framework */; };
		396AB3CF1B42CB24007B25BF /* Charts.framework in Embed Frameworks */ = {isa = PBXBuildFile; fileRef = 396AB3CD1B42CB13007B25BF /* Charts.framework */; settings = {ATTRIBUTES = (CodeSignOnCopy, RemoveHeadersOnCopy, ); }; };
		8862899A316504830D36910F /* Pods.framework in Frameworks */ = {isa = PBXBuildFile; fileRef = 54460F0C1A161F917FA078AF /* Pods.framework */; settings = {ATTRIBUTES = (Weak, ); }; };
		A02E9AC91B3D81FA00F962E9 /* RegisterNewBeerViewController.swift in Sources */ = {isa = PBXBuildFile; fileRef = A02E9AC81B3D81FA00F962E9 /* RegisterNewBeerViewController.swift */; };
		A02E9ACB1B3D977A00F962E9 /* ConfigurationViewController.swift in Sources */ = {isa = PBXBuildFile; fileRef = A02E9ACA1B3D977A00F962E9 /* ConfigurationViewController.swift */; };
		A047DEEE1B41CAD50012EA2B /* StaticRankingTableViewCell.swift in Sources */ = {isa = PBXBuildFile; fileRef = A047DEED1B41CAD50012EA2B /* StaticRankingTableViewCell.swift */; };
		A058D5D71B3C2BB30005140C /* FBSDKCoreKit.framework in Frameworks */ = {isa = PBXBuildFile; fileRef = A058D5D41B3C2BB30005140C /* FBSDKCoreKit.framework */; };
		A058D5D81B3C2BB30005140C /* FBSDKLoginKit.framework in Frameworks */ = {isa = PBXBuildFile; fileRef = A058D5D51B3C2BB30005140C /* FBSDKLoginKit.framework */; };
		A058D5D91B3C2BB30005140C /* FBSDKShareKit.framework in Frameworks */ = {isa = PBXBuildFile; fileRef = A058D5D61B3C2BB30005140C /* FBSDKShareKit.framework */; };
		A058D5DB1B3C2BC10005140C /* ParseFacebookUtilsV4.framework in Frameworks */ = {isa = PBXBuildFile; fileRef = A058D5DA1B3C2BC10005140C /* ParseFacebookUtilsV4.framework */; };
		BF02297E1B3DBB79006A66CF /* CupsCollectionViewController.swift in Sources */ = {isa = PBXBuildFile; fileRef = BF02297D1B3DBB79006A66CF /* CupsCollectionViewController.swift */; };
		BF0229801B3F996E006A66CF /* FeedViewController.swift in Sources */ = {isa = PBXBuildFile; fileRef = BF02297F1B3F996E006A66CF /* FeedViewController.swift */; };
		BF0229821B3F99FF006A66CF /* CupsCollectionViewCell.swift in Sources */ = {isa = PBXBuildFile; fileRef = BF0229811B3F99FF006A66CF /* CupsCollectionViewCell.swift */; };
		BF0229891B3F9C31006A66CF /* LoginViewController.swift in Sources */ = {isa = PBXBuildFile; fileRef = BF0229881B3F9C31006A66CF /* LoginViewController.swift */; };
		BF02298B1B3F9C3D006A66CF /* RegisterViewController.swift in Sources */ = {isa = PBXBuildFile; fileRef = BF02298A1B3F9C3D006A66CF /* RegisterViewController.swift */; };
		BF02298D1B409E63006A66CF /* FeedTableViewCell.swift in Sources */ = {isa = PBXBuildFile; fileRef = BF02298C1B409E63006A66CF /* FeedTableViewCell.swift */; };
		BF02298F1B40A0ED006A66CF /* StatusTableViewCell.swift in Sources */ = {isa = PBXBuildFile; fileRef = BF02298E1B40A0ED006A66CF /* StatusTableViewCell.swift */; };
		BF5641DC1B4178D700F414C3 /* Util.swift in Sources */ = {isa = PBXBuildFile; fileRef = BF5641DB1B4178D700F414C3 /* Util.swift */; };
		BF7B61FA1B39E00A00336C4F /* PlacesTableViewCell.swift in Sources */ = {isa = PBXBuildFile; fileRef = BF7B61F91B39E00A00336C4F /* PlacesTableViewCell.swift */; };
		BFC403301B43930D009BC394 /* MapboxStatic.swift in Sources */ = {isa = PBXBuildFile; fileRef = BFC4032F1B43930D009BC394 /* MapboxStatic.swift */; };
		BFF40ECE1B3C62D30004BDDC /* BeersViewController.swift in Sources */ = {isa = PBXBuildFile; fileRef = BFF40ECD1B3C62D30004BDDC /* BeersViewController.swift */; };
		BFF40ED01B3C62EB0004BDDC /* BeersTableViewCell.swift in Sources */ = {isa = PBXBuildFile; fileRef = BFF40ECF1B3C62EB0004BDDC /* BeersTableViewCell.swift */; };
		BFF4F1A61B3C293100AD2F83 /* DrinkManager.swift in Sources */ = {isa = PBXBuildFile; fileRef = BFF4F1A51B3C293100AD2F83 /* DrinkManager.swift */; };
		BFF6D0B51B351402000984C4 /* AppDelegate.swift in Sources */ = {isa = PBXBuildFile; fileRef = BFF6D0B41B351402000984C4 /* AppDelegate.swift */; };
		BFF6D0BA1B351402000984C4 /* Main.storyboard in Resources */ = {isa = PBXBuildFile; fileRef = BFF6D0B81B351402000984C4 /* Main.storyboard */; };
		BFF6D0BC1B351402000984C4 /* Images.xcassets in Resources */ = {isa = PBXBuildFile; fileRef = BFF6D0BB1B351402000984C4 /* Images.xcassets */; };
		BFF6D0BF1B351402000984C4 /* LaunchScreen.xib in Resources */ = {isa = PBXBuildFile; fileRef = BFF6D0BD1B351402000984C4 /* LaunchScreen.xib */; };
		BFF6D0CB1B351402000984C4 /* BeerlitycsTests.swift in Sources */ = {isa = PBXBuildFile; fileRef = BFF6D0CA1B351402000984C4 /* BeerlitycsTests.swift */; };
		BFF6D0D81B351511000984C4 /* CheckInViewController.swift in Sources */ = {isa = PBXBuildFile; fileRef = BFF6D0D71B351511000984C4 /* CheckInViewController.swift */; };
		BFF6D0DA1B3520D3000984C4 /* RankingViewController.swift in Sources */ = {isa = PBXBuildFile; fileRef = BFF6D0D91B3520D3000984C4 /* RankingViewController.swift */; };
		BFF6D0DC1B384D55000984C4 /* BeerManager.swift in Sources */ = {isa = PBXBuildFile; fileRef = BFF6D0DB1B384D55000984C4 /* BeerManager.swift */; };
		BFF6D0E01B385166000984C4 /* Bolts.framework in Frameworks */ = {isa = PBXBuildFile; fileRef = BFF6D0DE1B385166000984C4 /* Bolts.framework */; };
		BFF6D0E11B385166000984C4 /* Parse.framework in Frameworks */ = {isa = PBXBuildFile; fileRef = BFF6D0DF1B385166000984C4 /* Parse.framework */; };
		BFF6D0E31B3851B3000984C4 /* CFNetwork.framework in Frameworks */ = {isa = PBXBuildFile; fileRef = BFF6D0E21B3851B3000984C4 /* CFNetwork.framework */; };
		BFF6D0E51B3851BD000984C4 /* AudioToolbox.framework in Frameworks */ = {isa = PBXBuildFile; fileRef = BFF6D0E41B3851BD000984C4 /* AudioToolbox.framework */; };
		BFF6D0E81B3851D5000984C4 /* CoreGraphics.framework in Frameworks */ = {isa = PBXBuildFile; fileRef = BFF6D0E61B3851D5000984C4 /* CoreGraphics.framework */; };
		BFF6D0E91B3851D5000984C4 /* CoreLocation.framework in Frameworks */ = {isa = PBXBuildFile; fileRef = BFF6D0E71B3851D5000984C4 /* CoreLocation.framework */; };
		BFF6D0EB1B3851DF000984C4 /* MobileCoreServices.framework in Frameworks */ = {isa = PBXBuildFile; fileRef = BFF6D0EA1B3851DF000984C4 /* MobileCoreServices.framework */; };
		BFF6D0ED1B3851E9000984C4 /* QuartzCore.framework in Frameworks */ = {isa = PBXBuildFile; fileRef = BFF6D0EC1B3851E9000984C4 /* QuartzCore.framework */; };
		BFF6D0EF1B3851EF000984C4 /* Security.framework in Frameworks */ = {isa = PBXBuildFile; fileRef = BFF6D0EE1B3851EF000984C4 /* Security.framework */; };
		BFF6D0F31B38520A000984C4 /* SystemConfiguration.framework in Frameworks */ = {isa = PBXBuildFile; fileRef = BFF6D0F21B38520A000984C4 /* SystemConfiguration.framework */; };
		BFF6D0F51B385215000984C4 /* libz.dylib in Frameworks */ = {isa = PBXBuildFile; fileRef = BFF6D0F41B385215000984C4 /* libz.dylib */; };
		BFF6D0F71B385224000984C4 /* libsqlite3.dylib in Frameworks */ = {isa = PBXBuildFile; fileRef = BFF6D0F61B385224000984C4 /* libsqlite3.dylib */; };
		BFF6D0F91B38522A000984C4 /* Accounts.framework in Frameworks */ = {isa = PBXBuildFile; fileRef = BFF6D0F81B38522A000984C4 /* Accounts.framework */; };
		BFF6D0FB1B385231000984C4 /* Social.framework in Frameworks */ = {isa = PBXBuildFile; fileRef = BFF6D0FA1B385231000984C4 /* Social.framework */; };
		BFF6D0FD1B387DEF000984C4 /* CupManager.swift in Sources */ = {isa = PBXBuildFile; fileRef = BFF6D0FC1B387DEF000984C4 /* CupManager.swift */; };
		BFF6D0FF1B388758000984C4 /* PlaceManager.swift in Sources */ = {isa = PBXBuildFile; fileRef = BFF6D0FE1B388758000984C4 /* PlaceManager.swift */; };
		BFF6D1011B398655000984C4 /* PlacesViewController.swift in Sources */ = {isa = PBXBuildFile; fileRef = BFF6D1001B398655000984C4 /* PlacesViewController.swift */; };
		BFF6D1031B398D5E000984C4 /* RankingManager.swift in Sources */ = {isa = PBXBuildFile; fileRef = BFF6D1021B398D5E000984C4 /* RankingManager.swift */; };
		BFF6D1051B398FB8000984C4 /* UserManager.swift in Sources */ = {isa = PBXBuildFile; fileRef = BFF6D1041B398FB8000984C4 /* UserManager.swift */; };
		BFF7E4341B42428C00695771 /* RankingTableViewCell.swift in Sources */ = {isa = PBXBuildFile; fileRef = BFF7E4331B42428C00695771 /* RankingTableViewCell.swift */; };
		BFF7E4381B4300E800695771 /* PushNotifications.swift in Sources */ = {isa = PBXBuildFile; fileRef = BFF7E4371B4300E800695771 /* PushNotifications.swift */; };
/* End PBXBuildFile section */

/* Begin PBXContainerItemProxy section */
		396AB3CC1B42CB13007B25BF /* PBXContainerItemProxy */ = {
			isa = PBXContainerItemProxy;
			containerPortal = 396AB3C81B42CB12007B25BF /* Charts.xcodeproj */;
			proxyType = 2;
			remoteGlobalIDString = 5BA8EC401A9D14DC00CE82E1;
			remoteInfo = Charts;
		};
		396AB3D01B42CB24007B25BF /* PBXContainerItemProxy */ = {
			isa = PBXContainerItemProxy;
			containerPortal = 396AB3C81B42CB12007B25BF /* Charts.xcodeproj */;
			proxyType = 1;
			remoteGlobalIDString = 5BA8EC3F1A9D14DC00CE82E1;
			remoteInfo = Charts;
		};
		BFF6D0C51B351402000984C4 /* PBXContainerItemProxy */ = {
			isa = PBXContainerItemProxy;
			containerPortal = BFF6D0A71B351402000984C4 /* Project object */;
			proxyType = 1;
			remoteGlobalIDString = BFF6D0AE1B351402000984C4;
			remoteInfo = Beerlitycs;
		};
/* End PBXContainerItemProxy section */

/* Begin PBXCopyFilesBuildPhase section */
		396AB3D21B42CB24007B25BF /* Embed Frameworks */ = {
			isa = PBXCopyFilesBuildPhase;
			buildActionMask = 2147483647;
			dstPath = "";
			dstSubfolderSpec = 10;
			files = (
				396AB3CF1B42CB24007B25BF /* Charts.framework in Embed Frameworks */,
			);
			name = "Embed Frameworks";
			runOnlyForDeploymentPostprocessing = 0;
		};
/* End PBXCopyFilesBuildPhase section */

/* Begin PBXFileReference section */
		15CECA2A9791E653BE1058B9 /* Pods.release.xcconfig */ = {isa = PBXFileReference; includeInIndex = 1; lastKnownFileType = text.xcconfig; name = Pods.release.xcconfig; path = "Pods/Target Support Files/Pods/Pods.release.xcconfig"; sourceTree = "<group>"; };
		34F30586382078E4B3B9F6B9 /* Pods.debug.xcconfig */ = {isa = PBXFileReference; includeInIndex = 1; lastKnownFileType = text.xcconfig; name = Pods.debug.xcconfig; path = "Pods/Target Support Files/Pods/Pods.debug.xcconfig"; sourceTree = "<group>"; };
		396AB3C41B42C9E7007B25BF /* AnalyticsCell.swift */ = {isa = PBXFileReference; fileEncoding = 4; lastKnownFileType = sourcecode.swift; path = AnalyticsCell.swift; sourceTree = "<group>"; };
		396AB3C61B42CA5E007B25BF /* BarChartViewController.swift */ = {isa = PBXFileReference; fileEncoding = 4; lastKnownFileType = sourcecode.swift; path = BarChartViewController.swift; sourceTree = "<group>"; };
		396AB3C81B42CB12007B25BF /* Charts.xcodeproj */ = {isa = PBXFileReference; lastKnownFileType = "wrapper.pb-project"; name = Charts.xcodeproj; path = Charts/Charts.xcodeproj; sourceTree = "<group>"; };
		54460F0C1A161F917FA078AF /* Pods.framework */ = {isa = PBXFileReference; explicitFileType = wrapper.framework; includeInIndex = 0; path = Pods.framework; sourceTree = BUILT_PRODUCTS_DIR; };
		A02E9AC81B3D81FA00F962E9 /* RegisterNewBeerViewController.swift */ = {isa = PBXFileReference; fileEncoding = 4; lastKnownFileType = sourcecode.swift; path = RegisterNewBeerViewController.swift; sourceTree = "<group>"; };
		A02E9ACA1B3D977A00F962E9 /* ConfigurationViewController.swift */ = {isa = PBXFileReference; fileEncoding = 4; lastKnownFileType = sourcecode.swift; path = ConfigurationViewController.swift; sourceTree = "<group>"; };
		A047DEED1B41CAD50012EA2B /* StaticRankingTableViewCell.swift */ = {isa = PBXFileReference; fileEncoding = 4; lastKnownFileType = sourcecode.swift; path = StaticRankingTableViewCell.swift; sourceTree = "<group>"; };
		A058D5D31B3C2A540005140C /* Bridging-Header.h */ = {isa = PBXFileReference; lastKnownFileType = sourcecode.c.h; path = "Bridging-Header.h"; sourceTree = "<group>"; };
		A058D5D41B3C2BB30005140C /* FBSDKCoreKit.framework */ = {isa = PBXFileReference; lastKnownFileType = wrapper.framework; path = FBSDKCoreKit.framework; sourceTree = "<group>"; };
		A058D5D51B3C2BB30005140C /* FBSDKLoginKit.framework */ = {isa = PBXFileReference; lastKnownFileType = wrapper.framework; path = FBSDKLoginKit.framework; sourceTree = "<group>"; };
		A058D5D61B3C2BB30005140C /* FBSDKShareKit.framework */ = {isa = PBXFileReference; lastKnownFileType = wrapper.framework; path = FBSDKShareKit.framework; sourceTree = "<group>"; };
		A058D5DA1B3C2BC10005140C /* ParseFacebookUtilsV4.framework */ = {isa = PBXFileReference; lastKnownFileType = wrapper.framework; path = ParseFacebookUtilsV4.framework; sourceTree = "<group>"; };
		BF02297D1B3DBB79006A66CF /* CupsCollectionViewController.swift */ = {isa = PBXFileReference; fileEncoding = 4; lastKnownFileType = sourcecode.swift; path = CupsCollectionViewController.swift; sourceTree = "<group>"; };
		BF02297F1B3F996E006A66CF /* FeedViewController.swift */ = {isa = PBXFileReference; fileEncoding = 4; lastKnownFileType = sourcecode.swift; path = FeedViewController.swift; sourceTree = "<group>"; };
		BF0229811B3F99FF006A66CF /* CupsCollectionViewCell.swift */ = {isa = PBXFileReference; fileEncoding = 4; lastKnownFileType = sourcecode.swift; path = CupsCollectionViewCell.swift; sourceTree = "<group>"; };
		BF0229881B3F9C31006A66CF /* LoginViewController.swift */ = {isa = PBXFileReference; fileEncoding = 4; lastKnownFileType = sourcecode.swift; path = LoginViewController.swift; sourceTree = "<group>"; };
		BF02298A1B3F9C3D006A66CF /* RegisterViewController.swift */ = {isa = PBXFileReference; fileEncoding = 4; lastKnownFileType = sourcecode.swift; path = RegisterViewController.swift; sourceTree = "<group>"; };
		BF02298C1B409E63006A66CF /* FeedTableViewCell.swift */ = {isa = PBXFileReference; fileEncoding = 4; lastKnownFileType = sourcecode.swift; path = FeedTableViewCell.swift; sourceTree = "<group>"; };
		BF02298E1B40A0ED006A66CF /* StatusTableViewCell.swift */ = {isa = PBXFileReference; fileEncoding = 4; lastKnownFileType = sourcecode.swift; path = StatusTableViewCell.swift; sourceTree = "<group>"; };
		BF5641DB1B4178D700F414C3 /* Util.swift */ = {isa = PBXFileReference; fileEncoding = 4; lastKnownFileType = sourcecode.swift; path = Util.swift; sourceTree = "<group>"; };
		BF7B61F91B39E00A00336C4F /* PlacesTableViewCell.swift */ = {isa = PBXFileReference; fileEncoding = 4; lastKnownFileType = sourcecode.swift; path = PlacesTableViewCell.swift; sourceTree = "<group>"; };
		BFC4032F1B43930D009BC394 /* MapboxStatic.swift */ = {isa = PBXFileReference; fileEncoding = 4; lastKnownFileType = sourcecode.swift; path = MapboxStatic.swift; sourceTree = "<group>"; };
		BFF40ECD1B3C62D30004BDDC /* BeersViewController.swift */ = {isa = PBXFileReference; fileEncoding = 4; lastKnownFileType = sourcecode.swift; path = BeersViewController.swift; sourceTree = "<group>"; };
		BFF40ECF1B3C62EB0004BDDC /* BeersTableViewCell.swift */ = {isa = PBXFileReference; fileEncoding = 4; lastKnownFileType = sourcecode.swift; path = BeersTableViewCell.swift; sourceTree = "<group>"; };
		BFF4F1A51B3C293100AD2F83 /* DrinkManager.swift */ = {isa = PBXFileReference; fileEncoding = 4; lastKnownFileType = sourcecode.swift; path = DrinkManager.swift; sourceTree = "<group>"; };
		BFF6D0AF1B351402000984C4 /* Beerlitycs.app */ = {isa = PBXFileReference; explicitFileType = wrapper.application; includeInIndex = 0; path = Beerlitycs.app; sourceTree = BUILT_PRODUCTS_DIR; };
		BFF6D0B31B351402000984C4 /* Info.plist */ = {isa = PBXFileReference; lastKnownFileType = text.plist.xml; path = Info.plist; sourceTree = "<group>"; };
		BFF6D0B41B351402000984C4 /* AppDelegate.swift */ = {isa = PBXFileReference; lastKnownFileType = sourcecode.swift; path = AppDelegate.swift; sourceTree = "<group>"; };
		BFF6D0B91B351402000984C4 /* Base */ = {isa = PBXFileReference; lastKnownFileType = file.storyboard; name = Base; path = Base.lproj/Main.storyboard; sourceTree = "<group>"; };
		BFF6D0BB1B351402000984C4 /* Images.xcassets */ = {isa = PBXFileReference; lastKnownFileType = folder.assetcatalog; path = Images.xcassets; sourceTree = "<group>"; };
		BFF6D0BE1B351402000984C4 /* Base */ = {isa = PBXFileReference; lastKnownFileType = file.xib; name = Base; path = Base.lproj/LaunchScreen.xib; sourceTree = "<group>"; };
		BFF6D0C41B351402000984C4 /* BeerlitycsTests.xctest */ = {isa = PBXFileReference; explicitFileType = wrapper.cfbundle; includeInIndex = 0; path = BeerlitycsTests.xctest; sourceTree = BUILT_PRODUCTS_DIR; };
		BFF6D0C91B351402000984C4 /* Info.plist */ = {isa = PBXFileReference; lastKnownFileType = text.plist.xml; path = Info.plist; sourceTree = "<group>"; };
		BFF6D0CA1B351402000984C4 /* BeerlitycsTests.swift */ = {isa = PBXFileReference; lastKnownFileType = sourcecode.swift; path = BeerlitycsTests.swift; sourceTree = "<group>"; };
		BFF6D0D71B351511000984C4 /* CheckInViewController.swift */ = {isa = PBXFileReference; fileEncoding = 4; lastKnownFileType = sourcecode.swift; path = CheckInViewController.swift; sourceTree = "<group>"; };
		BFF6D0D91B3520D3000984C4 /* RankingViewController.swift */ = {isa = PBXFileReference; fileEncoding = 4; lastKnownFileType = sourcecode.swift; path = RankingViewController.swift; sourceTree = "<group>"; };
		BFF6D0DB1B384D55000984C4 /* BeerManager.swift */ = {isa = PBXFileReference; fileEncoding = 4; lastKnownFileType = sourcecode.swift; path = BeerManager.swift; sourceTree = "<group>"; };
		BFF6D0DE1B385166000984C4 /* Bolts.framework */ = {isa = PBXFileReference; lastKnownFileType = wrapper.framework; path = Bolts.framework; sourceTree = "<group>"; };
		BFF6D0DF1B385166000984C4 /* Parse.framework */ = {isa = PBXFileReference; lastKnownFileType = wrapper.framework; path = Parse.framework; sourceTree = "<group>"; };
		BFF6D0E21B3851B3000984C4 /* CFNetwork.framework */ = {isa = PBXFileReference; lastKnownFileType = wrapper.framework; name = CFNetwork.framework; path = System/Library/Frameworks/CFNetwork.framework; sourceTree = SDKROOT; };
		BFF6D0E41B3851BD000984C4 /* AudioToolbox.framework */ = {isa = PBXFileReference; lastKnownFileType = wrapper.framework; name = AudioToolbox.framework; path = System/Library/Frameworks/AudioToolbox.framework; sourceTree = SDKROOT; };
		BFF6D0E61B3851D5000984C4 /* CoreGraphics.framework */ = {isa = PBXFileReference; lastKnownFileType = wrapper.framework; name = CoreGraphics.framework; path = System/Library/Frameworks/CoreGraphics.framework; sourceTree = SDKROOT; };
		BFF6D0E71B3851D5000984C4 /* CoreLocation.framework */ = {isa = PBXFileReference; lastKnownFileType = wrapper.framework; name = CoreLocation.framework; path = System/Library/Frameworks/CoreLocation.framework; sourceTree = SDKROOT; };
		BFF6D0EA1B3851DF000984C4 /* MobileCoreServices.framework */ = {isa = PBXFileReference; lastKnownFileType = wrapper.framework; name = MobileCoreServices.framework; path = System/Library/Frameworks/MobileCoreServices.framework; sourceTree = SDKROOT; };
		BFF6D0EC1B3851E9000984C4 /* QuartzCore.framework */ = {isa = PBXFileReference; lastKnownFileType = wrapper.framework; name = QuartzCore.framework; path = System/Library/Frameworks/QuartzCore.framework; sourceTree = SDKROOT; };
		BFF6D0EE1B3851EF000984C4 /* Security.framework */ = {isa = PBXFileReference; lastKnownFileType = wrapper.framework; name = Security.framework; path = System/Library/Frameworks/Security.framework; sourceTree = SDKROOT; };
		BFF6D0F21B38520A000984C4 /* SystemConfiguration.framework */ = {isa = PBXFileReference; lastKnownFileType = wrapper.framework; name = SystemConfiguration.framework; path = System/Library/Frameworks/SystemConfiguration.framework; sourceTree = SDKROOT; };
		BFF6D0F41B385215000984C4 /* libz.dylib */ = {isa = PBXFileReference; lastKnownFileType = "compiled.mach-o.dylib"; name = libz.dylib; path = usr/lib/libz.dylib; sourceTree = SDKROOT; };
		BFF6D0F61B385224000984C4 /* libsqlite3.dylib */ = {isa = PBXFileReference; lastKnownFileType = "compiled.mach-o.dylib"; name = libsqlite3.dylib; path = usr/lib/libsqlite3.dylib; sourceTree = SDKROOT; };
		BFF6D0F81B38522A000984C4 /* Accounts.framework */ = {isa = PBXFileReference; lastKnownFileType = wrapper.framework; name = Accounts.framework; path = System/Library/Frameworks/Accounts.framework; sourceTree = SDKROOT; };
		BFF6D0FA1B385231000984C4 /* Social.framework */ = {isa = PBXFileReference; lastKnownFileType = wrapper.framework; name = Social.framework; path = System/Library/Frameworks/Social.framework; sourceTree = SDKROOT; };
		BFF6D0FC1B387DEF000984C4 /* CupManager.swift */ = {isa = PBXFileReference; fileEncoding = 4; lastKnownFileType = sourcecode.swift; path = CupManager.swift; sourceTree = "<group>"; };
		BFF6D0FE1B388758000984C4 /* PlaceManager.swift */ = {isa = PBXFileReference; fileEncoding = 4; lastKnownFileType = sourcecode.swift; path = PlaceManager.swift; sourceTree = "<group>"; };
		BFF6D1001B398655000984C4 /* PlacesViewController.swift */ = {isa = PBXFileReference; fileEncoding = 4; lastKnownFileType = sourcecode.swift; path = PlacesViewController.swift; sourceTree = "<group>"; };
		BFF6D1021B398D5E000984C4 /* RankingManager.swift */ = {isa = PBXFileReference; fileEncoding = 4; lastKnownFileType = sourcecode.swift; path = RankingManager.swift; sourceTree = "<group>"; };
		BFF6D1041B398FB8000984C4 /* UserManager.swift */ = {isa = PBXFileReference; fileEncoding = 4; lastKnownFileType = sourcecode.swift; path = UserManager.swift; sourceTree = "<group>"; };
		BFF7E4331B42428C00695771 /* RankingTableViewCell.swift */ = {isa = PBXFileReference; fileEncoding = 4; lastKnownFileType = sourcecode.swift; path = RankingTableViewCell.swift; sourceTree = "<group>"; };
		BFF7E4371B4300E800695771 /* PushNotifications.swift */ = {isa = PBXFileReference; fileEncoding = 4; lastKnownFileType = sourcecode.swift; path = PushNotifications.swift; sourceTree = "<group>"; };
/* End PBXFileReference section */

/* Begin PBXFrameworksBuildPhase section */
		BFF6D0AC1B351402000984C4 /* Frameworks */ = {
			isa = PBXFrameworksBuildPhase;
			buildActionMask = 2147483647;
			files = (
				A058D5D81B3C2BB30005140C /* FBSDKLoginKit.framework in Frameworks */,
				BFF6D0FB1B385231000984C4 /* Social.framework in Frameworks */,
				A058D5DB1B3C2BC10005140C /* ParseFacebookUtilsV4.framework in Frameworks */,
				BFF6D0F91B38522A000984C4 /* Accounts.framework in Frameworks */,
				BFF6D0F71B385224000984C4 /* libsqlite3.dylib in Frameworks */,
				BFF6D0F51B385215000984C4 /* libz.dylib in Frameworks */,
				BFF6D0F31B38520A000984C4 /* SystemConfiguration.framework in Frameworks */,
				BFF6D0EF1B3851EF000984C4 /* Security.framework in Frameworks */,
				BFF6D0ED1B3851E9000984C4 /* QuartzCore.framework in Frameworks */,
				BFF6D0EB1B3851DF000984C4 /* MobileCoreServices.framework in Frameworks */,
				BFF6D0E81B3851D5000984C4 /* CoreGraphics.framework in Frameworks */,
				BFF6D0E91B3851D5000984C4 /* CoreLocation.framework in Frameworks */,
				BFF6D0E51B3851BD000984C4 /* AudioToolbox.framework in Frameworks */,
				BFF6D0E31B3851B3000984C4 /* CFNetwork.framework in Frameworks */,
				A058D5D91B3C2BB30005140C /* FBSDKShareKit.framework in Frameworks */,
				A058D5D71B3C2BB30005140C /* FBSDKCoreKit.framework in Frameworks */,
				BFF6D0E11B385166000984C4 /* Parse.framework in Frameworks */,
				396AB3CE1B42CB24007B25BF /* Charts.framework in Frameworks */,
				BFF6D0E01B385166000984C4 /* Bolts.framework in Frameworks */,
				8862899A316504830D36910F /* Pods.framework in Frameworks */,
			);
			runOnlyForDeploymentPostprocessing = 0;
		};
		BFF6D0C11B351402000984C4 /* Frameworks */ = {
			isa = PBXFrameworksBuildPhase;
			buildActionMask = 2147483647;
			files = (
			);
			runOnlyForDeploymentPostprocessing = 0;
		};
/* End PBXFrameworksBuildPhase section */

/* Begin PBXGroup section */
		100B90B91F33BCA042516008 /* Pods */ = {
			isa = PBXGroup;
			children = (
				34F30586382078E4B3B9F6B9 /* Pods.debug.xcconfig */,
				15CECA2A9791E653BE1058B9 /* Pods.release.xcconfig */,
			);
			name = Pods;
			sourceTree = "<group>";
		};
		396AB3C31B42C9B2007B25BF /* Analytic */ = {
			isa = PBXGroup;
			children = (
				396AB3C41B42C9E7007B25BF /* AnalyticsCell.swift */,
				396AB3C61B42CA5E007B25BF /* BarChartViewController.swift */,
			);
			name = Analytic;
			sourceTree = "<group>";
		};
		396AB3C91B42CB12007B25BF /* Products */ = {
			isa = PBXGroup;
			children = (
				396AB3CD1B42CB13007B25BF /* Charts.framework */,
			);
			name = Products;
			sourceTree = "<group>";
		};
		BF0229831B3F9BCB006A66CF /* CheckIn */ = {
			isa = PBXGroup;
			children = (
				BFF6D0D71B351511000984C4 /* CheckInViewController.swift */,
				BF02297D1B3DBB79006A66CF /* CupsCollectionViewController.swift */,
				BF0229811B3F99FF006A66CF /* CupsCollectionViewCell.swift */,
				BFF6D1001B398655000984C4 /* PlacesViewController.swift */,
				BF7B61F91B39E00A00336C4F /* PlacesTableViewCell.swift */,
				BFF40ECD1B3C62D30004BDDC /* BeersViewController.swift */,
				BFF40ECF1B3C62EB0004BDDC /* BeersTableViewCell.swift */,
			);
			name = CheckIn;
			sourceTree = "<group>";
		};
		BF0229841B3F9BE0006A66CF /* Configuration */ = {
			isa = PBXGroup;
			children = (
				A02E9AC81B3D81FA00F962E9 /* RegisterNewBeerViewController.swift */,
				A02E9ACA1B3D977A00F962E9 /* ConfigurationViewController.swift */,
			);
			name = Configuration;
			sourceTree = "<group>";
		};
		BF0229851B3F9C00006A66CF /* Ranking */ = {
			isa = PBXGroup;
			children = (
				BFF6D0D91B3520D3000984C4 /* RankingViewController.swift */,
				BFF7E4331B42428C00695771 /* RankingTableViewCell.swift */,
				A047DEED1B41CAD50012EA2B /* StaticRankingTableViewCell.swift */,
			);
			name = Ranking;
			sourceTree = "<group>";
		};
		BF0229861B3F9C08006A66CF /* Feed */ = {
			isa = PBXGroup;
			children = (
				BF02297F1B3F996E006A66CF /* FeedViewController.swift */,
				BF02298C1B409E63006A66CF /* FeedTableViewCell.swift */,
				BF02298E1B40A0ED006A66CF /* StatusTableViewCell.swift */,
			);
			name = Feed;
			sourceTree = "<group>";
		};
		BF0229871B3F9C1F006A66CF /* Login */ = {
			isa = PBXGroup;
			children = (
				BF0229881B3F9C31006A66CF /* LoginViewController.swift */,
				BF02298A1B3F9C3D006A66CF /* RegisterViewController.swift */,
			);
			name = Login;
			sourceTree = "<group>";
		};
		BFF6D0A61B351402000984C4 = {
			isa = PBXGroup;
			children = (
				396AB3C81B42CB12007B25BF /* Charts.xcodeproj */,
				BFF6D0B11B351402000984C4 /* Beerlitycs */,
				BFF6D0C71B351402000984C4 /* BeerlitycsTests */,
				BFF6D0B01B351402000984C4 /* Products */,
				BFF6D0DD1B385145000984C4 /* Frameworks */,
				100B90B91F33BCA042516008 /* Pods */,
			);
			sourceTree = "<group>";
		};
		BFF6D0B01B351402000984C4 /* Products */ = {
			isa = PBXGroup;
			children = (
				BFF6D0AF1B351402000984C4 /* Beerlitycs.app */,
				BFF6D0C41B351402000984C4 /* BeerlitycsTests.xctest */,
			);
			name = Products;
			sourceTree = "<group>";
		};
		BFF6D0B11B351402000984C4 /* Beerlitycs */ = {
			isa = PBXGroup;
			children = (
				BFF6D0B41B351402000984C4 /* AppDelegate.swift */,
				A058D5D31B3C2A540005140C /* Bridging-Header.h */,
				BF5641DB1B4178D700F414C3 /* Util.swift */,
				BFC4032F1B43930D009BC394 /* MapboxStatic.swift */,
				BFF6D0BB1B351402000984C4 /* Images.xcassets */,
				BFF6D0D61B35146B000984C4 /* Model */,
				BFF6D0D51B351463000984C4 /* View */,
				BFF6D0D41B351430000984C4 /* Controller */,
				BFF6D0B21B351402000984C4 /* Supporting Files */,
			);
			path = Beerlitycs;
			sourceTree = "<group>";
		};
		BFF6D0B21B351402000984C4 /* Supporting Files */ = {
			isa = PBXGroup;
			children = (
				BFF6D0B31B351402000984C4 /* Info.plist */,
			);
			name = "Supporting Files";
			sourceTree = "<group>";
		};
		BFF6D0C71B351402000984C4 /* BeerlitycsTests */ = {
			isa = PBXGroup;
			children = (
				BFF6D0CA1B351402000984C4 /* BeerlitycsTests.swift */,
				BFF6D0C81B351402000984C4 /* Supporting Files */,
			);
			path = BeerlitycsTests;
			sourceTree = "<group>";
		};
		BFF6D0C81B351402000984C4 /* Supporting Files */ = {
			isa = PBXGroup;
			children = (
				BFF6D0C91B351402000984C4 /* Info.plist */,
			);
			name = "Supporting Files";
			sourceTree = "<group>";
		};
		BFF6D0D41B351430000984C4 /* Controller */ = {
			isa = PBXGroup;
			children = (
				396AB3C31B42C9B2007B25BF /* Analytic */,
				BF0229871B3F9C1F006A66CF /* Login */,
				BF0229861B3F9C08006A66CF /* Feed */,
				BF0229851B3F9C00006A66CF /* Ranking */,
				BF0229841B3F9BE0006A66CF /* Configuration */,
				BF0229831B3F9BCB006A66CF /* CheckIn */,
			);
			name = Controller;
			sourceTree = "<group>";
		};
		BFF6D0D51B351463000984C4 /* View */ = {
			isa = PBXGroup;
			children = (
				BFF6D0BD1B351402000984C4 /* LaunchScreen.xib */,
				BFF6D0B81B351402000984C4 /* Main.storyboard */,
			);
			name = View;
			sourceTree = "<group>";
		};
		BFF6D0D61B35146B000984C4 /* Model */ = {
			isa = PBXGroup;
			children = (
				BFF6D1041B398FB8000984C4 /* UserManager.swift */,
				BFF6D0DB1B384D55000984C4 /* BeerManager.swift */,
				BFF6D0FC1B387DEF000984C4 /* CupManager.swift */,
				BFF6D0FE1B388758000984C4 /* PlaceManager.swift */,
				BFF6D1021B398D5E000984C4 /* RankingManager.swift */,
				BFF4F1A51B3C293100AD2F83 /* DrinkManager.swift */,
				BFF7E4371B4300E800695771 /* PushNotifications.swift */,
			);
			name = Model;
			sourceTree = "<group>";
		};
		BFF6D0DD1B385145000984C4 /* Frameworks */ = {
			isa = PBXGroup;
			children = (
				A058D5DA1B3C2BC10005140C /* ParseFacebookUtilsV4.framework */,
				A058D5D41B3C2BB30005140C /* FBSDKCoreKit.framework */,
				A058D5D51B3C2BB30005140C /* FBSDKLoginKit.framework */,
				A058D5D61B3C2BB30005140C /* FBSDKShareKit.framework */,
				BFF6D0FA1B385231000984C4 /* Social.framework */,
				BFF6D0F81B38522A000984C4 /* Accounts.framework */,
				BFF6D0F61B385224000984C4 /* libsqlite3.dylib */,
				BFF6D0F41B385215000984C4 /* libz.dylib */,
				BFF6D0F21B38520A000984C4 /* SystemConfiguration.framework */,
				BFF6D0EE1B3851EF000984C4 /* Security.framework */,
				BFF6D0EC1B3851E9000984C4 /* QuartzCore.framework */,
				BFF6D0EA1B3851DF000984C4 /* MobileCoreServices.framework */,
				BFF6D0E61B3851D5000984C4 /* CoreGraphics.framework */,
				BFF6D0E71B3851D5000984C4 /* CoreLocation.framework */,
				BFF6D0E41B3851BD000984C4 /* AudioToolbox.framework */,
				BFF6D0E21B3851B3000984C4 /* CFNetwork.framework */,
				BFF6D0DE1B385166000984C4 /* Bolts.framework */,
				BFF6D0DF1B385166000984C4 /* Parse.framework */,
				54460F0C1A161F917FA078AF /* Pods.framework */,
			);
			name = Frameworks;
			path = Beerlitycs;
			sourceTree = "<group>";
		};
/* End PBXGroup section */

/* Begin PBXNativeTarget section */
		BFF6D0AE1B351402000984C4 /* Beerlitycs */ = {
			isa = PBXNativeTarget;
			buildConfigurationList = BFF6D0CE1B351402000984C4 /* Build configuration list for PBXNativeTarget "Beerlitycs" */;
			buildPhases = (
				BBE2CA55F1B0539AA6CDE4F0 /* Check Pods Manifest.lock */,
				BFF6D0AB1B351402000984C4 /* Sources */,
				BFF6D0AC1B351402000984C4 /* Frameworks */,
				BFF6D0AD1B351402000984C4 /* Resources */,
				316BB2EB7AF2733392670C57 /* Copy Pods Resources */,
				396AB3D21B42CB24007B25BF /* Embed Frameworks */,
				D2520E5AD9D26E67229A491D /* Embed Pods Frameworks */,
			);
			buildRules = (
			);
			dependencies = (
				396AB3D11B42CB24007B25BF /* PBXTargetDependency */,
			);
			name = Beerlitycs;
			productName = Beerlitycs;
			productReference = BFF6D0AF1B351402000984C4 /* Beerlitycs.app */;
			productType = "com.apple.product-type.application";
		};
		BFF6D0C31B351402000984C4 /* BeerlitycsTests */ = {
			isa = PBXNativeTarget;
			buildConfigurationList = BFF6D0D11B351402000984C4 /* Build configuration list for PBXNativeTarget "BeerlitycsTests" */;
			buildPhases = (
				BFF6D0C01B351402000984C4 /* Sources */,
				BFF6D0C11B351402000984C4 /* Frameworks */,
				BFF6D0C21B351402000984C4 /* Resources */,
			);
			buildRules = (
			);
			dependencies = (
				BFF6D0C61B351402000984C4 /* PBXTargetDependency */,
			);
			name = BeerlitycsTests;
			productName = BeerlitycsTests;
			productReference = BFF6D0C41B351402000984C4 /* BeerlitycsTests.xctest */;
			productType = "com.apple.product-type.bundle.unit-test";
		};
/* End PBXNativeTarget section */

/* Begin PBXProject section */
		BFF6D0A71B351402000984C4 /* Project object */ = {
			isa = PBXProject;
			attributes = {
				LastUpgradeCheck = 0630;
				ORGANIZATIONNAME = BEPiD;
				TargetAttributes = {
					BFF6D0AE1B351402000984C4 = {
						CreatedOnToolsVersion = 6.3.1;
						SystemCapabilities = {
							com.apple.InAppPurchase = {
								enabled = 0;
							};
						};
					};
					BFF6D0C31B351402000984C4 = {
						CreatedOnToolsVersion = 6.3.1;
						TestTargetID = BFF6D0AE1B351402000984C4;
					};
				};
			};
			buildConfigurationList = BFF6D0AA1B351402000984C4 /* Build configuration list for PBXProject "Beerlitycs" */;
			compatibilityVersion = "Xcode 3.2";
			developmentRegion = English;
			hasScannedForEncodings = 0;
			knownRegions = (
				en,
				Base,
			);
			mainGroup = BFF6D0A61B351402000984C4;
			productRefGroup = BFF6D0B01B351402000984C4 /* Products */;
			projectDirPath = "";
			projectReferences = (
				{
					ProductGroup = 396AB3C91B42CB12007B25BF /* Products */;
					ProjectRef = 396AB3C81B42CB12007B25BF /* Charts.xcodeproj */;
				},
			);
			projectRoot = "";
			targets = (
				BFF6D0AE1B351402000984C4 /* Beerlitycs */,
				BFF6D0C31B351402000984C4 /* BeerlitycsTests */,
			);
		};
/* End PBXProject section */

/* Begin PBXReferenceProxy section */
		396AB3CD1B42CB13007B25BF /* Charts.framework */ = {
			isa = PBXReferenceProxy;
			fileType = wrapper.framework;
			path = Charts.framework;
			remoteRef = 396AB3CC1B42CB13007B25BF /* PBXContainerItemProxy */;
			sourceTree = BUILT_PRODUCTS_DIR;
		};
/* End PBXReferenceProxy section */

/* Begin PBXResourcesBuildPhase section */
		BFF6D0AD1B351402000984C4 /* Resources */ = {
			isa = PBXResourcesBuildPhase;
			buildActionMask = 2147483647;
			files = (
				BFF6D0BA1B351402000984C4 /* Main.storyboard in Resources */,
				BFF6D0BF1B351402000984C4 /* LaunchScreen.xib in Resources */,
				BFF6D0BC1B351402000984C4 /* Images.xcassets in Resources */,
			);
			runOnlyForDeploymentPostprocessing = 0;
		};
		BFF6D0C21B351402000984C4 /* Resources */ = {
			isa = PBXResourcesBuildPhase;
			buildActionMask = 2147483647;
			files = (
			);
			runOnlyForDeploymentPostprocessing = 0;
		};
/* End PBXResourcesBuildPhase section */

/* Begin PBXShellScriptBuildPhase section */
		316BB2EB7AF2733392670C57 /* Copy Pods Resources */ = {
			isa = PBXShellScriptBuildPhase;
			buildActionMask = 2147483647;
			files = (
			);
			inputPaths = (
			);
			name = "Copy Pods Resources";
			outputPaths = (
			);
			runOnlyForDeploymentPostprocessing = 0;
			shellPath = /bin/sh;
			shellScript = "\"${SRCROOT}/Pods/Target Support Files/Pods/Pods-resources.sh\"\n";
			showEnvVarsInLog = 0;
		};
		BBE2CA55F1B0539AA6CDE4F0 /* Check Pods Manifest.lock */ = {
			isa = PBXShellScriptBuildPhase;
			buildActionMask = 2147483647;
			files = (
			);
			inputPaths = (
			);
			name = "Check Pods Manifest.lock";
			outputPaths = (
			);
			runOnlyForDeploymentPostprocessing = 0;
			shellPath = /bin/sh;
			shellScript = "diff \"${PODS_ROOT}/../Podfile.lock\" \"${PODS_ROOT}/Manifest.lock\" > /dev/null\nif [[ $? != 0 ]] ; then\n    cat << EOM\nerror: The sandbox is not in sync with the Podfile.lock. Run 'pod install' or update your CocoaPods installation.\nEOM\n    exit 1\nfi\n";
			showEnvVarsInLog = 0;
		};
		D2520E5AD9D26E67229A491D /* Embed Pods Frameworks */ = {
			isa = PBXShellScriptBuildPhase;
			buildActionMask = 2147483647;
			files = (
			);
			inputPaths = (
			);
			name = "Embed Pods Frameworks";
			outputPaths = (
			);
			runOnlyForDeploymentPostprocessing = 0;
			shellPath = /bin/sh;
			shellScript = "\"${SRCROOT}/Pods/Target Support Files/Pods/Pods-frameworks.sh\"\n";
			showEnvVarsInLog = 0;
		};
/* End PBXShellScriptBuildPhase section */

/* Begin PBXSourcesBuildPhase section */
		BFF6D0AB1B351402000984C4 /* Sources */ = {
			isa = PBXSourcesBuildPhase;
			buildActionMask = 2147483647;
			files = (
				BFF7E4381B4300E800695771 /* PushNotifications.swift in Sources */,
				A047DEEE1B41CAD50012EA2B /* StaticRankingTableViewCell.swift in Sources */,
				BFF6D1051B398FB8000984C4 /* UserManager.swift in Sources */,
				396AB3C51B42C9E7007B25BF /* AnalyticsCell.swift in Sources */,
				BF0229821B3F99FF006A66CF /* CupsCollectionViewCell.swift in Sources */,
				BFF40ED01B3C62EB0004BDDC /* BeersTableViewCell.swift in Sources */,
				BFF4F1A61B3C293100AD2F83 /* DrinkManager.swift in Sources */,
				BF0229891B3F9C31006A66CF /* LoginViewController.swift in Sources */,
				BFF6D0D81B351511000984C4 /* CheckInViewController.swift in Sources */,
				A02E9AC91B3D81FA00F962E9 /* RegisterNewBeerViewController.swift in Sources */,
				BFF6D1011B398655000984C4 /* PlacesViewController.swift in Sources */,
				BFF6D0DC1B384D55000984C4 /* BeerManager.swift in Sources */,
				396AB3C71B42CA5E007B25BF /* BarChartViewController.swift in Sources */,
				BFF6D0B51B351402000984C4 /* AppDelegate.swift in Sources */,
				A02E9ACB1B3D977A00F962E9 /* ConfigurationViewController.swift in Sources */,
				BF02298B1B3F9C3D006A66CF /* RegisterViewController.swift in Sources */,
				BF0229801B3F996E006A66CF /* FeedViewController.swift in Sources */,
				BFF7E4341B42428C00695771 /* RankingTableViewCell.swift in Sources */,
				BF7B61FA1B39E00A00336C4F /* PlacesTableViewCell.swift in Sources */,
				BF5641DC1B4178D700F414C3 /* Util.swift in Sources */,
				BFF6D1031B398D5E000984C4 /* RankingManager.swift in Sources */,
				BFF40ECE1B3C62D30004BDDC /* BeersViewController.swift in Sources */,
				BF02298D1B409E63006A66CF /* FeedTableViewCell.swift in Sources */,
				BFF6D0DA1B3520D3000984C4 /* RankingViewController.swift in Sources */,
				BFF6D0FD1B387DEF000984C4 /* CupManager.swift in Sources */,
				BFC403301B43930D009BC394 /* MapboxStatic.swift in Sources */,
				BFF6D0FF1B388758000984C4 /* PlaceManager.swift in Sources */,
				BF02297E1B3DBB79006A66CF /* CupsCollectionViewController.swift in Sources */,
				BF02298F1B40A0ED006A66CF /* StatusTableViewCell.swift in Sources */,
			);
			runOnlyForDeploymentPostprocessing = 0;
		};
		BFF6D0C01B351402000984C4 /* Sources */ = {
			isa = PBXSourcesBuildPhase;
			buildActionMask = 2147483647;
			files = (
				BFF6D0CB1B351402000984C4 /* BeerlitycsTests.swift in Sources */,
			);
			runOnlyForDeploymentPostprocessing = 0;
		};
/* End PBXSourcesBuildPhase section */

/* Begin PBXTargetDependency section */
		396AB3D11B42CB24007B25BF /* PBXTargetDependency */ = {
			isa = PBXTargetDependency;
			name = Charts;
			targetProxy = 396AB3D01B42CB24007B25BF /* PBXContainerItemProxy */;
		};
		BFF6D0C61B351402000984C4 /* PBXTargetDependency */ = {
			isa = PBXTargetDependency;
			target = BFF6D0AE1B351402000984C4 /* Beerlitycs */;
			targetProxy = BFF6D0C51B351402000984C4 /* PBXContainerItemProxy */;
		};
/* End PBXTargetDependency section */

/* Begin PBXVariantGroup section */
		BFF6D0B81B351402000984C4 /* Main.storyboard */ = {
			isa = PBXVariantGroup;
			children = (
				BFF6D0B91B351402000984C4 /* Base */,
			);
			name = Main.storyboard;
			sourceTree = "<group>";
		};
		BFF6D0BD1B351402000984C4 /* LaunchScreen.xib */ = {
			isa = PBXVariantGroup;
			children = (
				BFF6D0BE1B351402000984C4 /* Base */,
			);
			name = LaunchScreen.xib;
			sourceTree = "<group>";
		};
/* End PBXVariantGroup section */

/* Begin XCBuildConfiguration section */
		BFF6D0CC1B351402000984C4 /* Debug */ = {
			isa = XCBuildConfiguration;
			buildSettings = {
				ALWAYS_SEARCH_USER_PATHS = NO;
				CLANG_CXX_LANGUAGE_STANDARD = "gnu++0x";
				CLANG_CXX_LIBRARY = "libc++";
				CLANG_ENABLE_MODULES = YES;
				CLANG_ENABLE_OBJC_ARC = YES;
				CLANG_WARN_BOOL_CONVERSION = YES;
				CLANG_WARN_CONSTANT_CONVERSION = YES;
				CLANG_WARN_DIRECT_OBJC_ISA_USAGE = YES_ERROR;
				CLANG_WARN_EMPTY_BODY = YES;
				CLANG_WARN_ENUM_CONVERSION = YES;
				CLANG_WARN_INT_CONVERSION = YES;
				CLANG_WARN_OBJC_ROOT_CLASS = YES_ERROR;
				CLANG_WARN_UNREACHABLE_CODE = YES;
				CLANG_WARN__DUPLICATE_METHOD_MATCH = YES;
				"CODE_SIGN_IDENTITY[sdk=iphoneos*]" = "iPhone Developer";
				COPY_PHASE_STRIP = NO;
				DEBUG_INFORMATION_FORMAT = "dwarf-with-dsym";
				ENABLE_STRICT_OBJC_MSGSEND = YES;
				GCC_C_LANGUAGE_STANDARD = gnu99;
				GCC_DYNAMIC_NO_PIC = NO;
				GCC_NO_COMMON_BLOCKS = YES;
				GCC_OPTIMIZATION_LEVEL = 0;
				GCC_PREPROCESSOR_DEFINITIONS = (
					"DEBUG=1",
					"$(inherited)",
				);
				GCC_SYMBOLS_PRIVATE_EXTERN = NO;
				GCC_WARN_64_TO_32_BIT_CONVERSION = YES;
				GCC_WARN_ABOUT_RETURN_TYPE = YES_ERROR;
				GCC_WARN_UNDECLARED_SELECTOR = YES;
				GCC_WARN_UNINITIALIZED_AUTOS = YES_AGGRESSIVE;
				GCC_WARN_UNUSED_FUNCTION = YES;
				GCC_WARN_UNUSED_VARIABLE = YES;
				IPHONEOS_DEPLOYMENT_TARGET = 8.3;
				MTL_ENABLE_DEBUG_INFO = YES;
				ONLY_ACTIVE_ARCH = YES;
				SDKROOT = iphoneos;
				SWIFT_OPTIMIZATION_LEVEL = "-Onone";
				TARGETED_DEVICE_FAMILY = "1,2";
			};
			name = Debug;
		};
		BFF6D0CD1B351402000984C4 /* Release */ = {
			isa = XCBuildConfiguration;
			buildSettings = {
				ALWAYS_SEARCH_USER_PATHS = NO;
				CLANG_CXX_LANGUAGE_STANDARD = "gnu++0x";
				CLANG_CXX_LIBRARY = "libc++";
				CLANG_ENABLE_MODULES = YES;
				CLANG_ENABLE_OBJC_ARC = YES;
				CLANG_WARN_BOOL_CONVERSION = YES;
				CLANG_WARN_CONSTANT_CONVERSION = YES;
				CLANG_WARN_DIRECT_OBJC_ISA_USAGE = YES_ERROR;
				CLANG_WARN_EMPTY_BODY = YES;
				CLANG_WARN_ENUM_CONVERSION = YES;
				CLANG_WARN_INT_CONVERSION = YES;
				CLANG_WARN_OBJC_ROOT_CLASS = YES_ERROR;
				CLANG_WARN_UNREACHABLE_CODE = YES;
				CLANG_WARN__DUPLICATE_METHOD_MATCH = YES;
				"CODE_SIGN_IDENTITY[sdk=iphoneos*]" = "iPhone Developer";
				COPY_PHASE_STRIP = NO;
				DEBUG_INFORMATION_FORMAT = "dwarf-with-dsym";
				ENABLE_NS_ASSERTIONS = NO;
				ENABLE_STRICT_OBJC_MSGSEND = YES;
				GCC_C_LANGUAGE_STANDARD = gnu99;
				GCC_NO_COMMON_BLOCKS = YES;
				GCC_WARN_64_TO_32_BIT_CONVERSION = YES;
				GCC_WARN_ABOUT_RETURN_TYPE = YES_ERROR;
				GCC_WARN_UNDECLARED_SELECTOR = YES;
				GCC_WARN_UNINITIALIZED_AUTOS = YES_AGGRESSIVE;
				GCC_WARN_UNUSED_FUNCTION = YES;
				GCC_WARN_UNUSED_VARIABLE = YES;
				IPHONEOS_DEPLOYMENT_TARGET = 8.3;
				MTL_ENABLE_DEBUG_INFO = NO;
				SDKROOT = iphoneos;
				TARGETED_DEVICE_FAMILY = "1,2";
				VALIDATE_PRODUCT = YES;
			};
			name = Release;
		};
		BFF6D0CF1B351402000984C4 /* Debug */ = {
			isa = XCBuildConfiguration;
			baseConfigurationReference = 34F30586382078E4B3B9F6B9 /* Pods.debug.xcconfig */;
			buildSettings = {
				ASSETCATALOG_COMPILER_APPICON_NAME = AppIcon;
				CODE_SIGN_IDENTITY = "iPhone Developer";
				"CODE_SIGN_IDENTITY[sdk=iphoneos*]" = "iPhone Developer";
				FRAMEWORK_SEARCH_PATHS = (
					"$(inherited)",
					"$(PROJECT_DIR)/Beerlitycs",
				);
				INFOPLIST_FILE = Beerlitycs/Info.plist;
				IPHONEOS_DEPLOYMENT_TARGET = 8.3;
				LD_RUNPATH_SEARCH_PATHS = "$(inherited) @executable_path/Frameworks";
				PRODUCT_NAME = "$(TARGET_NAME)";
				PROVISIONING_PROFILE = "";
				SWIFT_OBJC_BRIDGING_HEADER = "Beerlitycs/Bridging-Header.h";
			};
			name = Debug;
		};
		BFF6D0D01B351402000984C4 /* Release */ = {
			isa = XCBuildConfiguration;
			baseConfigurationReference = 15CECA2A9791E653BE1058B9 /* Pods.release.xcconfig */;
			buildSettings = {
				ASSETCATALOG_COMPILER_APPICON_NAME = AppIcon;
				CODE_SIGN_IDENTITY = "iPhone Developer";
				"CODE_SIGN_IDENTITY[sdk=iphoneos*]" = "iPhone Distribution";
				FRAMEWORK_SEARCH_PATHS = (
					"$(inherited)",
					"$(PROJECT_DIR)/Beerlitycs",
				);
				INFOPLIST_FILE = Beerlitycs/Info.plist;
				IPHONEOS_DEPLOYMENT_TARGET = 8.3;
				LD_RUNPATH_SEARCH_PATHS = "$(inherited) @executable_path/Frameworks";
				PRODUCT_NAME = "$(TARGET_NAME)";
				PROVISIONING_PROFILE = "";
				SWIFT_OBJC_BRIDGING_HEADER = "Beerlitycs/Bridging-Header.h";
			};
			name = Release;
		};
		BFF6D0D21B351402000984C4 /* Debug */ = {
			isa = XCBuildConfiguration;
			buildSettings = {
				BUNDLE_LOADER = "$(TEST_HOST)";
				FRAMEWORK_SEARCH_PATHS = (
					"$(SDKROOT)/Developer/Library/Frameworks",
					"$(inherited)",
				);
				GCC_PREPROCESSOR_DEFINITIONS = (
					"DEBUG=1",
					"$(inherited)",
				);
				INFOPLIST_FILE = BeerlitycsTests/Info.plist;
				LD_RUNPATH_SEARCH_PATHS = "$(inherited) @executable_path/Frameworks @loader_path/Frameworks";
				PRODUCT_NAME = "$(TARGET_NAME)";
				TEST_HOST = "$(BUILT_PRODUCTS_DIR)/Beerlitycs.app/Beerlitycs";
			};
			name = Debug;
		};
		BFF6D0D31B351402000984C4 /* Release */ = {
			isa = XCBuildConfiguration;
			buildSettings = {
				BUNDLE_LOADER = "$(TEST_HOST)";
				FRAMEWORK_SEARCH_PATHS = (
					"$(SDKROOT)/Developer/Library/Frameworks",
					"$(inherited)",
				);
				INFOPLIST_FILE = BeerlitycsTests/Info.plist;
				LD_RUNPATH_SEARCH_PATHS = "$(inherited) @executable_path/Frameworks @loader_path/Frameworks";
				PRODUCT_NAME = "$(TARGET_NAME)";
				TEST_HOST = "$(BUILT_PRODUCTS_DIR)/Beerlitycs.app/Beerlitycs";
			};
			name = Release;
		};
/* End XCBuildConfiguration section */

/* Begin XCConfigurationList section */
		BFF6D0AA1B351402000984C4 /* Build configuration list for PBXProject "Beerlitycs" */ = {
			isa = XCConfigurationList;
			buildConfigurations = (
				BFF6D0CC1B351402000984C4 /* Debug */,
				BFF6D0CD1B351402000984C4 /* Release */,
			);
			defaultConfigurationIsVisible = 0;
			defaultConfigurationName = Release;
		};
		BFF6D0CE1B351402000984C4 /* Build configuration list for PBXNativeTarget "Beerlitycs" */ = {
			isa = XCConfigurationList;
			buildConfigurations = (
				BFF6D0CF1B351402000984C4 /* Debug */,
				BFF6D0D01B351402000984C4 /* Release */,
			);
			defaultConfigurationIsVisible = 0;
			defaultConfigurationName = Release;
		};
		BFF6D0D11B351402000984C4 /* Build configuration list for PBXNativeTarget "BeerlitycsTests" */ = {
			isa = XCConfigurationList;
			buildConfigurations = (
				BFF6D0D21B351402000984C4 /* Debug */,
				BFF6D0D31B351402000984C4 /* Release */,
			);
			defaultConfigurationIsVisible = 0;
			defaultConfigurationName = Release;
		};
/* End XCConfigurationList section */
	};
	rootObject = BFF6D0A71B351402000984C4 /* Project object */;
}
